
Microsoft Visual Studio Solution File, Format Version 12.00
# Visual Studio 14
VisualStudioVersion = 14.0.25420.1
MinimumVisualStudioVersion = 10.0.40219.1
Project("{8BC9CEB8-8B4A-11D0-8D11-00A0C91BC942}") = "lib_netsockets", "lib_netsockets.vcxproj", "{13EC6A07-B970-4D44-AD81-EA3501A2BF24}"
EndProject
Project("{8BC9CEB8-8B4A-11D0-8D11-00A0C91BC942}") = "http_client", "http_client.vcxproj", "{10AC221D-DA8D-4025-B938-40996951950B}"
EndProject
Project("{8BC9CEB8-8B4A-11D0-8D11-00A0C91BC942}") = "ftp_client", "ftp_client.vcxproj", "{64C735E0-57A7-4F03-8995-E1796AA98677}"
EndProject
Project("{8BC9CEB8-8B4A-11D0-8D11-00A0C91BC942}") = "http_server", "http_server.vcxproj", "{64EBAA92-915C-43E2-B2EA-ED7E15D11AC9}"
EndProject
Project("{8BC9CEB8-8B4A-11D0-8D11-00A0C91BC942}") = "tcp_client_01", "tcp_client_01.vcxproj", "{FBE2CE9A-FC28-477F-91D8-C425C5573181}"
EndProject
Project("{8BC9CEB8-8B4A-11D0-8D11-00A0C91BC942}") = "tcp_server_01", "tcp_server_01.vcxproj", "{2D730619-FA1D-458B-95F8-D2649A80B980}"
EndProject
Project("{8BC9CEB8-8B4A-11D0-8D11-00A0C91BC942}") = "json_client", "json_client.vcxproj", "{CE50CF98-0769-46F3-9878-0AA66DA55562}"
EndProject
Project("{8BC9CEB8-8B4A-11D0-8D11-00A0C91BC942}") = "json_server", "json_server.vcxproj", "{BCB0CA88-D203-4994-A406-9F8671F9FFAF}"
EndProject
Project("{8BC9CEB8-8B4A-11D0-8D11-00A0C91BC942}") = "sqlite_server", "sqlite_server.vcxproj", "{00F7CF4E-5028-4F19-8A33-03C3BDAABDCA}"
EndProject
Project("{8BC9CEB8-8B4A-11D0-8D11-00A0C91BC942}") = "ssl_client", "ssl_client.vcxproj", "{5A300D9D-F398-4B0D-81B6-E7E9C03897B3}"
EndProject
Global
	GlobalSection(SolutionConfigurationPlatforms) = preSolution
		Debug|x64 = Debug|x64
		Debug|x86 = Debug|x86
		Release|x64 = Release|x64
		Release|x86 = Release|x86
	EndGlobalSection
	GlobalSection(ProjectConfigurationPlatforms) = postSolution
		{13EC6A07-B970-4D44-AD81-EA3501A2BF24}.Debug|x64.ActiveCfg = Debug|x64
		{13EC6A07-B970-4D44-AD81-EA3501A2BF24}.Debug|x64.Build.0 = Debug|x64
		{13EC6A07-B970-4D44-AD81-EA3501A2BF24}.Debug|x86.ActiveCfg = Debug|Win32
		{13EC6A07-B970-4D44-AD81-EA3501A2BF24}.Debug|x86.Build.0 = Debug|Win32
		{13EC6A07-B970-4D44-AD81-EA3501A2BF24}.Release|x64.ActiveCfg = Debug|x64
		{13EC6A07-B970-4D44-AD81-EA3501A2BF24}.Release|x64.Build.0 = Debug|x64
		{13EC6A07-B970-4D44-AD81-EA3501A2BF24}.Release|x86.ActiveCfg = Debug|Win32
		{13EC6A07-B970-4D44-AD81-EA3501A2BF24}.Release|x86.Build.0 = Debug|Win32
		{10AC221D-DA8D-4025-B938-40996951950B}.Debug|x64.ActiveCfg = Debug|x64
		{10AC221D-DA8D-4025-B938-40996951950B}.Debug|x64.Build.0 = Debug|x64
		{10AC221D-DA8D-4025-B938-40996951950B}.Debug|x86.ActiveCfg = Debug|Win32
		{10AC221D-DA8D-4025-B938-40996951950B}.Debug|x86.Build.0 = Debug|Win32
		{10AC221D-DA8D-4025-B938-40996951950B}.Release|x64.ActiveCfg = Debug|x64
		{10AC221D-DA8D-4025-B938-40996951950B}.Release|x64.Build.0 = Debug|x64
		{10AC221D-DA8D-4025-B938-40996951950B}.Release|x86.ActiveCfg = Debug|Win32
		{10AC221D-DA8D-4025-B938-40996951950B}.Release|x86.Build.0 = Debug|Win32
		{64C735E0-57A7-4F03-8995-E1796AA98677}.Debug|x64.ActiveCfg = Debug|x64
		{64C735E0-57A7-4F03-8995-E1796AA98677}.Debug|x64.Build.0 = Debug|x64
		{64C735E0-57A7-4F03-8995-E1796AA98677}.Debug|x86.ActiveCfg = Debug|Win32
		{64C735E0-57A7-4F03-8995-E1796AA98677}.Debug|x86.Build.0 = Debug|Win32
		{64C735E0-57A7-4F03-8995-E1796AA98677}.Release|x64.ActiveCfg = Debug|x64
		{64C735E0-57A7-4F03-8995-E1796AA98677}.Release|x64.Build.0 = Debug|x64
		{64C735E0-57A7-4F03-8995-E1796AA98677}.Release|x86.ActiveCfg = Debug|Win32
		{64C735E0-57A7-4F03-8995-E1796AA98677}.Release|x86.Build.0 = Debug|Win32
		{64EBAA92-915C-43E2-B2EA-ED7E15D11AC9}.Debug|x64.ActiveCfg = Debug|x64
		{64EBAA92-915C-43E2-B2EA-ED7E15D11AC9}.Debug|x64.Build.0 = Debug|x64
		{64EBAA92-915C-43E2-B2EA-ED7E15D11AC9}.Debug|x86.ActiveCfg = Debug|Win32
		{64EBAA92-915C-43E2-B2EA-ED7E15D11AC9}.Debug|x86.Build.0 = Debug|Win32
		{64EBAA92-915C-43E2-B2EA-ED7E15D11AC9}.Release|x64.ActiveCfg = Release|x64
		{64EBAA92-915C-43E2-B2EA-ED7E15D11AC9}.Release|x64.Build.0 = Release|x64
		{64EBAA92-915C-43E2-B2EA-ED7E15D11AC9}.Release|x86.ActiveCfg = Release|Win32
		{64EBAA92-915C-43E2-B2EA-ED7E15D11AC9}.Release|x86.Build.0 = Release|Win32
		{FBE2CE9A-FC28-477F-91D8-C425C5573181}.Debug|x64.ActiveCfg = Debug|x64
		{FBE2CE9A-FC28-477F-91D8-C425C5573181}.Debug|x64.Build.0 = Debug|x64
		{FBE2CE9A-FC28-477F-91D8-C425C5573181}.Debug|x86.ActiveCfg = Debug|Win32
		{FBE2CE9A-FC28-477F-91D8-C425C5573181}.Debug|x86.Build.0 = Debug|Win32
		{FBE2CE9A-FC28-477F-91D8-C425C5573181}.Release|x64.ActiveCfg = Debug|x64
		{FBE2CE9A-FC28-477F-91D8-C425C5573181}.Release|x64.Build.0 = Debug|x64
		{FBE2CE9A-FC28-477F-91D8-C425C5573181}.Release|x86.ActiveCfg = Debug|Win32
		{FBE2CE9A-FC28-477F-91D8-C425C5573181}.Release|x86.Build.0 = Debug|Win32
		{2D730619-FA1D-458B-95F8-D2649A80B980}.Debug|x64.ActiveCfg = Debug|x64
		{2D730619-FA1D-458B-95F8-D2649A80B980}.Debug|x64.Build.0 = Debug|x64
		{2D730619-FA1D-458B-95F8-D2649A80B980}.Debug|x86.ActiveCfg = Debug|Win32
		{2D730619-FA1D-458B-95F8-D2649A80B980}.Debug|x86.Build.0 = Debug|Win32
		{2D730619-FA1D-458B-95F8-D2649A80B980}.Release|x64.ActiveCfg = Debug|x64
		{2D730619-FA1D-458B-95F8-D2649A80B980}.Release|x64.Build.0 = Debug|x64
		{2D730619-FA1D-458B-95F8-D2649A80B980}.Release|x86.ActiveCfg = Debug|Win32
		{2D730619-FA1D-458B-95F8-D2649A80B980}.Release|x86.Build.0 = Debug|Win32
		{CE50CF98-0769-46F3-9878-0AA66DA55562}.Debug|x64.ActiveCfg = Debug|x64
		{CE50CF98-0769-46F3-9878-0AA66DA55562}.Debug|x64.Build.0 = Debug|x64
		{CE50CF98-0769-46F3-9878-0AA66DA55562}.Debug|x86.ActiveCfg = Debug|Win32
		{CE50CF98-0769-46F3-9878-0AA66DA55562}.Debug|x86.Build.0 = Debug|Win32
		{CE50CF98-0769-46F3-9878-0AA66DA55562}.Release|x64.ActiveCfg = Debug|x64
		{CE50CF98-0769-46F3-9878-0AA66DA55562}.Release|x64.Build.0 = Debug|x64
		{CE50CF98-0769-46F3-9878-0AA66DA55562}.Release|x86.ActiveCfg = Debug|Win32
		{CE50CF98-0769-46F3-9878-0AA66DA55562}.Release|x86.Build.0 = Debug|Win32
		{BCB0CA88-D203-4994-A406-9F8671F9FFAF}.Debug|x64.ActiveCfg = Debug|x64
		{BCB0CA88-D203-4994-A406-9F8671F9FFAF}.Debug|x64.Build.0 = Debug|x64
		{BCB0CA88-D203-4994-A406-9F8671F9FFAF}.Debug|x86.ActiveCfg = Debug|Win32
		{BCB0CA88-D203-4994-A406-9F8671F9FFAF}.Debug|x86.Build.0 = Debug|Win32
		{BCB0CA88-D203-4994-A406-9F8671F9FFAF}.Release|x64.ActiveCfg = Debug|x64
		{BCB0CA88-D203-4994-A406-9F8671F9FFAF}.Release|x64.Build.0 = Debug|x64
		{BCB0CA88-D203-4994-A406-9F8671F9FFAF}.Release|x86.ActiveCfg = Debug|Win32
		{BCB0CA88-D203-4994-A406-9F8671F9FFAF}.Release|x86.Build.0 = Debug|Win32
		{00F7CF4E-5028-4F19-8A33-03C3BDAABDCA}.Debug|x64.ActiveCfg = Debug|x64
		{00F7CF4E-5028-4F19-8A33-03C3BDAABDCA}.Debug|x64.Build.0 = Debug|x64
		{00F7CF4E-5028-4F19-8A33-03C3BDAABDCA}.Debug|x86.ActiveCfg = Debug|Win32
		{00F7CF4E-5028-4F19-8A33-03C3BDAABDCA}.Debug|x86.Build.0 = Debug|Win32
		{00F7CF4E-5028-4F19-8A33-03C3BDAABDCA}.Release|x64.ActiveCfg = Release|x64
		{00F7CF4E-5028-4F19-8A33-03C3BDAABDCA}.Release|x64.Build.0 = Release|x64
		{00F7CF4E-5028-4F19-8A33-03C3BDAABDCA}.Release|x86.ActiveCfg = Release|Win32
		{00F7CF4E-5028-4F19-8A33-03C3BDAABDCA}.Release|x86.Build.0 = Release|Win32
		{5A300D9D-F398-4B0D-81B6-E7E9C03897B3}.Debug|x64.ActiveCfg = Debug|x64
		{5A300D9D-F398-4B0D-81B6-E7E9C03897B3}.Debug|x64.Build.0 = Debug|x64
		{5A300D9D-F398-4B0D-81B6-E7E9C03897B3}.Debug|x86.ActiveCfg = Debug|Win32
		{5A300D9D-F398-4B0D-81B6-E7E9C03897B3}.Debug|x86.Build.0 = Debug|Win32
		{5A300D9D-F398-4B0D-81B6-E7E9C03897B3}.Release|x64.ActiveCfg = Release|x64
		{5A300D9D-F398-4B0D-81B6-E7E9C03897B3}.Release|x64.Build.0 = Release|x64
		{5A300D9D-F398-4B0D-81B6-E7E9C03897B3}.Release|x86.ActiveCfg = Release|Win32
		{5A300D9D-F398-4B0D-81B6-E7E9C03897B3}.Release|x86.Build.0 = Release|Win32
	EndGlobalSection
	GlobalSection(SolutionProperties) = preSolution
		HideSolutionNode = FALSE
	EndGlobalSection
EndGlobal
